hash: 66d05df11ef61f88e978b2c129fe7c7e902f2e39fc28b7fc83cfd3938d0b98a4
updated: 2017-08-15T00:31:47.810031767+09:00
imports:
- name: github.com/BurntSushi/toml
  version: bbd5bb678321a0d6e58f1099321dfa73391c1b6f
- name: golang.org/x/sys
  version: afadfcc7779c1f4db0f6f6438afcb108d9c9c7cd
  subpackages:
  - unix
testImports: []
