github.com/BurntSushi/toml v1.1.0 h1:ksErzDEI1khOiGPgpwuI7x2ebx/uXQNw7xJpn9Eq1+I=
github.com/BurntSushi/toml v1.1.0/go.mod h1:CxXYINrC8qIiEnFrOxCa7Jy5BFHlXnUU2pbicEuybxQ=
golang.org/x/sys v0.0.0-20220412015802-83041a38b14a h1:MjZauhfFyuA8jS6CGa4rO215DgesKDIEzMSQ6mm8wW8=
golang.org/x/sys v0.0.0-20220412015802-83041a38b14a/go.mod h1:oPkhp1MJrh7nUepCBck5+mAzfO9JrbApNNgaTdGDITg=
